
Microsoft Visual Studio Solution File, Format Version 12.00
# Visual Studio Version 16
VisualStudioVersion = 16.0.30104.148
MinimumVisualStudioVersion = 10.0.40219.1
Project("{FAE04EC0-301F-11D3-BF4B-00C04F79EFBC}") = "F1GameSessionDisplay", "F1RaceBoard\F1GameSessionDisplay.csproj", "{12169BD2-CF99-462B-BA86-FA567B628771}"
EndProject
Project("{8BC9CEB8-8B4A-11D0-8D11-00A0C91BC942}") = "F12020UdpParser", "F12020UdpParser\F12020UdpParser.vcxproj", "{D0196828-84B6-4467-AA72-AA368B9DF85D}"
EndProject
Global
	GlobalSection(SolutionConfigurationPlatforms) = preSolution
		Debug|Any CPU = Debug|Any CPU
		Debug|x64 = Debug|x64
		Debug|x86 = Debug|x86
		Release|Any CPU = Release|Any CPU
		Release|x64 = Release|x64
		Release|x86 = Release|x86
	EndGlobalSection
	GlobalSection(ProjectConfigurationPlatforms) = postSolution
		{12169BD2-CF99-462B-BA86-FA567B628771}.Debug|Any CPU.ActiveCfg = Debug|Any CPU
		{12169BD2-CF99-462B-BA86-FA567B628771}.Debug|Any CPU.Build.0 = Debug|Any CPU
		{12169BD2-CF99-462B-BA86-FA567B628771}.Debug|x64.ActiveCfg = Debug|Any CPU
		{12169BD2-CF99-462B-BA86-FA567B628771}.Debug|x64.Build.0 = Debug|Any CPU
		{12169BD2-CF99-462B-BA86-FA567B628771}.Debug|x86.ActiveCfg = Debug|Any CPU
		{12169BD2-CF99-462B-BA86-FA567B628771}.Debug|x86.Build.0 = Debug|Any CPU
		{12169BD2-CF99-462B-BA86-FA567B628771}.Release|Any CPU.ActiveCfg = Release|Any CPU
		{12169BD2-CF99-462B-BA86-FA567B628771}.Release|Any CPU.Build.0 = Release|Any CPU
		{12169BD2-CF99-462B-BA86-FA567B628771}.Release|x64.ActiveCfg = Release|Any CPU
		{12169BD2-CF99-462B-BA86-FA567B628771}.Release|x64.Build.0 = Release|Any CPU
		{12169BD2-CF99-462B-BA86-FA567B628771}.Release|x86.ActiveCfg = Release|Any CPU
		{12169BD2-CF99-462B-BA86-FA567B628771}.Release|x86.Build.0 = Release|Any CPU
		{D0196828-84B6-4467-AA72-AA368B9DF85D}.Debug|Any CPU.ActiveCfg = Debug|Win32
		{D0196828-84B6-4467-AA72-AA368B9DF85D}.Debug|Any CPU.Build.0 = Debug|Win32
		{D0196828-84B6-4467-AA72-AA368B9DF85D}.Debug|x64.ActiveCfg = Debug|x64
		{D0196828-84B6-4467-AA72-AA368B9DF85D}.Debug|x64.Build.0 = Debug|x64
		{D0196828-84B6-4467-AA72-AA368B9DF85D}.Debug|x86.ActiveCfg = Debug|Win32
		{D0196828-84B6-4467-AA72-AA368B9DF85D}.Debug|x86.Build.0 = Debug|Win32
		{D0196828-84B6-4467-AA72-AA368B9DF85D}.Release|Any CPU.ActiveCfg = Release|Win32
		{D0196828-84B6-4467-AA72-AA368B9DF85D}.Release|Any CPU.Build.0 = Release|Win32
		{D0196828-84B6-4467-AA72-AA368B9DF85D}.Release|x64.ActiveCfg = Release|x64
		{D0196828-84B6-4467-AA72-AA368B9DF85D}.Release|x64.Build.0 = Release|x64
		{D0196828-84B6-4467-AA72-AA368B9DF85D}.Release|x86.ActiveCfg = Release|Win32
		{D0196828-84B6-4467-AA72-AA368B9DF85D}.Release|x86.Build.0 = Release|Win32
	EndGlobalSection
	GlobalSection(SolutionProperties) = preSolution
		HideSolutionNode = FALSE
	EndGlobalSection
	GlobalSection(ExtensibilityGlobals) = postSolution
		SolutionGuid = {DA6B2CB2-5FA5-494E-8F59-F26C2BD4A4ED}
	EndGlobalSection
EndGlobal
